
Microsoft Visual Studio Solution File, Format Version 10.00
# Visual Studio 2008
Project("{FAE04EC0-301F-11D3-BF4B-00C04F79EFBC}") = "tradingSoftware", "tradingSoftware\tradingSoftware.csproj", "{4A4B91DF-7DC1-448F-A08F-F18FADBFFC5E}"
EndProject
Project("{FAE04EC0-301F-11D3-BF4B-00C04F79EFBC}") = "tradingSoftwareDataAccessLayer", "tradingSoftwareDataAccessLayer\tradingSoftwareDataAccessLayer.csproj", "{F57FEC88-26BC-443F-98D7-8E5ED4917016}"
EndProject
Project("{FAE04EC0-301F-11D3-BF4B-00C04F79EFBC}") = "tradingSoftwareBusinessLogicLayer", "BusinessLogicLayer\tradingSoftwareBusinessLogicLayer.csproj", "{39D9D54D-310A-4FDA-B543-27535BDD56F7}"
EndProject
Project("{FAE04EC0-301F-11D3-BF4B-00C04F79EFBC}") = "tradingSoftwareEntities", "Entities\tradingSoftwareEntities.csproj", "{750C3118-FA92-40AA-9A2E-3053DE494075}"
EndProject
Global
	GlobalSection(SubversionScc) = preSolution
		Svn-Managed = True
		Manager = AnkhSVN - Subversion Support for Visual Studio
	EndGlobalSection
	GlobalSection(SolutionConfigurationPlatforms) = preSolution
		Debug|Any CPU = Debug|Any CPU
		Release|Any CPU = Release|Any CPU
	EndGlobalSection
	GlobalSection(ProjectConfigurationPlatforms) = postSolution
		{4A4B91DF-7DC1-448F-A08F-F18FADBFFC5E}.Debug|Any CPU.ActiveCfg = Debug|Any CPU
		{4A4B91DF-7DC1-448F-A08F-F18FADBFFC5E}.Debug|Any CPU.Build.0 = Debug|Any CPU
		{4A4B91DF-7DC1-448F-A08F-F18FADBFFC5E}.Release|Any CPU.ActiveCfg = Release|Any CPU
		{4A4B91DF-7DC1-448F-A08F-F18FADBFFC5E}.Release|Any CPU.Build.0 = Release|Any CPU
		{F57FEC88-26BC-443F-98D7-8E5ED4917016}.Debug|Any CPU.ActiveCfg = Debug|Any CPU
		{F57FEC88-26BC-443F-98D7-8E5ED4917016}.Debug|Any CPU.Build.0 = Debug|Any CPU
		{F57FEC88-26BC-443F-98D7-8E5ED4917016}.Release|Any CPU.ActiveCfg = Release|Any CPU
		{F57FEC88-26BC-443F-98D7-8E5ED4917016}.Release|Any CPU.Build.0 = Release|Any CPU
		{39D9D54D-310A-4FDA-B543-27535BDD56F7}.Debug|Any CPU.ActiveCfg = Debug|Any CPU
		{39D9D54D-310A-4FDA-B543-27535BDD56F7}.Debug|Any CPU.Build.0 = Debug|Any CPU
		{39D9D54D-310A-4FDA-B543-27535BDD56F7}.Release|Any CPU.ActiveCfg = Release|Any CPU
		{39D9D54D-310A-4FDA-B543-27535BDD56F7}.Release|Any CPU.Build.0 = Release|Any CPU
		{750C3118-FA92-40AA-9A2E-3053DE494075}.Debug|Any CPU.ActiveCfg = Debug|Any CPU
		{750C3118-FA92-40AA-9A2E-3053DE494075}.Debug|Any CPU.Build.0 = Debug|Any CPU
		{750C3118-FA92-40AA-9A2E-3053DE494075}.Release|Any CPU.ActiveCfg = Release|Any CPU
		{750C3118-FA92-40AA-9A2E-3053DE494075}.Release|Any CPU.Build.0 = Release|Any CPU
	EndGlobalSection
	GlobalSection(SolutionProperties) = preSolution
		HideSolutionNode = FALSE
	EndGlobalSection
EndGlobal
